
Microsoft Visual Studio Solution File, Format Version 12.00
# Visual Studio Version 17
VisualStudioVersion = 17.8.34511.84
MinimumVisualStudioVersion = 10.0.40219.1
Project("{9A19103F-16F7-4668-BE54-9A1E7A4F7556}") = "PEPRN231_SU24TrialTest_HoVaTen_BE", "PEPRN231_SU24TrialTest_HoVaTen_BE\PEPRN231_SU24TrialTest_HoVaTen_BE.csproj", "{084FDB97-4601-465C-AE18-D6A33071E120}"
EndProject
Project("{9A19103F-16F7-4668-BE54-9A1E7A4F7556}") = "WatercolorsPainting_Repository", "WatercolorsPainting_Repository\WatercolorsPainting_Repository.csproj", "{25278EDB-E744-453D-93E3-6EAD62ADF027}"
EndProject
Project("{9A19103F-16F7-4668-BE54-9A1E7A4F7556}") = "WatercolorsPainting_DAO", "WatercolorsPainting_DAO\WatercolorsPainting_DAO.csproj", "{41E400A0-3397-48F6-B70A-7349C922AAEB}"
EndProject
Project("{9A19103F-16F7-4668-BE54-9A1E7A4F7556}") = "WatercolorsPainting_BO", "WatercolorsPainting_BO\WatercolorsPainting_BO.csproj", "{B4E82256-71F2-4A4E-BD8F-DA8F990D99CF}"
EndProject
Project("{9A19103F-16F7-4668-BE54-9A1E7A4F7556}") = "PEPRN231_SU24TrialTest_StudentCode_FE", "PEPRN231_SU24TrialTest_StudentCode_FE\PEPRN231_SU24TrialTest_StudentCode_FE.csproj", "{119452AF-BA46-4022-B29D-CB60C3733919}"
EndProject
Global
	GlobalSection(SolutionConfigurationPlatforms) = preSolution
		Debug|Any CPU = Debug|Any CPU
		Release|Any CPU = Release|Any CPU
	EndGlobalSection
	GlobalSection(ProjectConfigurationPlatforms) = postSolution
		{084FDB97-4601-465C-AE18-D6A33071E120}.Debug|Any CPU.ActiveCfg = Debug|Any CPU
		{084FDB97-4601-465C-AE18-D6A33071E120}.Debug|Any CPU.Build.0 = Debug|Any CPU
		{084FDB97-4601-465C-AE18-D6A33071E120}.Release|Any CPU.ActiveCfg = Release|Any CPU
		{084FDB97-4601-465C-AE18-D6A33071E120}.Release|Any CPU.Build.0 = Release|Any CPU
		{25278EDB-E744-453D-93E3-6EAD62ADF027}.Debug|Any CPU.ActiveCfg = Debug|Any CPU
		{25278EDB-E744-453D-93E3-6EAD62ADF027}.Debug|Any CPU.Build.0 = Debug|Any CPU
		{25278EDB-E744-453D-93E3-6EAD62ADF027}.Release|Any CPU.ActiveCfg = Release|Any CPU
		{25278EDB-E744-453D-93E3-6EAD62ADF027}.Release|Any CPU.Build.0 = Release|Any CPU
		{41E400A0-3397-48F6-B70A-7349C922AAEB}.Debug|Any CPU.ActiveCfg = Debug|Any CPU
		{41E400A0-3397-48F6-B70A-7349C922AAEB}.Debug|Any CPU.Build.0 = Debug|Any CPU
		{41E400A0-3397-48F6-B70A-7349C922AAEB}.Release|Any CPU.ActiveCfg = Release|Any CPU
		{41E400A0-3397-48F6-B70A-7349C922AAEB}.Release|Any CPU.Build.0 = Release|Any CPU
		{B4E82256-71F2-4A4E-BD8F-DA8F990D99CF}.Debug|Any CPU.ActiveCfg = Debug|Any CPU
		{B4E82256-71F2-4A4E-BD8F-DA8F990D99CF}.Debug|Any CPU.Build.0 = Debug|Any CPU
		{B4E82256-71F2-4A4E-BD8F-DA8F990D99CF}.Release|Any CPU.ActiveCfg = Release|Any CPU
		{B4E82256-71F2-4A4E-BD8F-DA8F990D99CF}.Release|Any CPU.Build.0 = Release|Any CPU
		{119452AF-BA46-4022-B29D-CB60C3733919}.Debug|Any CPU.ActiveCfg = Debug|Any CPU
		{119452AF-BA46-4022-B29D-CB60C3733919}.Debug|Any CPU.Build.0 = Debug|Any CPU
		{119452AF-BA46-4022-B29D-CB60C3733919}.Release|Any CPU.ActiveCfg = Release|Any CPU
		{119452AF-BA46-4022-B29D-CB60C3733919}.Release|Any CPU.Build.0 = Release|Any CPU
	EndGlobalSection
	GlobalSection(SolutionProperties) = preSolution
		HideSolutionNode = FALSE
	EndGlobalSection
	GlobalSection(ExtensibilityGlobals) = postSolution
		SolutionGuid = {98AEBBB8-63FE-49A9-AF64-8D16097C823C}
	EndGlobalSection
EndGlobal
